
Microsoft Visual Studio Solution File, Format Version 12.00
# Visual Studio Version 16
VisualStudioVersion = 16.0.31129.286
MinimumVisualStudioVersion = 10.0.40219.1
Project("{FAE04EC0-301F-11D3-BF4B-00C04F79EFBC}") = "App04_Xamarin.UWP", "App04_Xamarin.UWP\App04_Xamarin.UWP.csproj", "{50B22FBF-97D5-4A22-9441-45F2FE16FE89}"
EndProject
Project("{FAE04EC0-301F-11D3-BF4B-00C04F79EFBC}") = "App04_Xamarin.Android", "App04_Xamarin.Android\App04_Xamarin.Android.csproj", "{2A5AD424-AB43-4BDC-887F-3DDBDCC7CBEC}"
EndProject
Project("{FAE04EC0-301F-11D3-BF4B-00C04F79EFBC}") = "App04_Xamarin.iOS", "App04_Xamarin.iOS\App04_Xamarin.iOS.csproj", "{0717780B-7B92-4708-BFF4-DA9BD363D396}"
EndProject
Project("{FAE04EC0-301F-11D3-BF4B-00C04F79EFBC}") = "App04_Xamarin", "App04_Xamarin\App04_Xamarin.csproj", "{99800617-091C-44EB-B3AE-E0B1EA234CA9}"
EndProject
Global
	GlobalSection(SolutionConfigurationPlatforms) = preSolution
		Debug|Any CPU = Debug|Any CPU
		Debug|ARM = Debug|ARM
		Debug|iPhone = Debug|iPhone
		Debug|iPhoneSimulator = Debug|iPhoneSimulator
		Debug|x64 = Debug|x64
		Debug|x86 = Debug|x86
		Release|Any CPU = Release|Any CPU
		Release|ARM = Release|ARM
		Release|iPhone = Release|iPhone
		Release|iPhoneSimulator = Release|iPhoneSimulator
		Release|x64 = Release|x64
		Release|x86 = Release|x86
	EndGlobalSection
	GlobalSection(ProjectConfigurationPlatforms) = postSolution
		{50B22FBF-97D5-4A22-9441-45F2FE16FE89}.Debug|Any CPU.ActiveCfg = Debug|x86
		{50B22FBF-97D5-4A22-9441-45F2FE16FE89}.Debug|Any CPU.Build.0 = Debug|x86
		{50B22FBF-97D5-4A22-9441-45F2FE16FE89}.Debug|Any CPU.Deploy.0 = Debug|x86
		{50B22FBF-97D5-4A22-9441-45F2FE16FE89}.Debug|ARM.ActiveCfg = Debug|ARM
		{50B22FBF-97D5-4A22-9441-45F2FE16FE89}.Debug|ARM.Build.0 = Debug|ARM
		{50B22FBF-97D5-4A22-9441-45F2FE16FE89}.Debug|ARM.Deploy.0 = Debug|ARM
		{50B22FBF-97D5-4A22-9441-45F2FE16FE89}.Debug|iPhone.ActiveCfg = Debug|x86
		{50B22FBF-97D5-4A22-9441-45F2FE16FE89}.Debug|iPhone.Build.0 = Debug|x86
		{50B22FBF-97D5-4A22-9441-45F2FE16FE89}.Debug|iPhone.Deploy.0 = Debug|x86
		{50B22FBF-97D5-4A22-9441-45F2FE16FE89}.Debug|iPhoneSimulator.ActiveCfg = Debug|x86
		{50B22FBF-97D5-4A22-9441-45F2FE16FE89}.Debug|iPhoneSimulator.Build.0 = Debug|x86
		{50B22FBF-97D5-4A22-9441-45F2FE16FE89}.Debug|iPhoneSimulator.Deploy.0 = Debug|x86
		{50B22FBF-97D5-4A22-9441-45F2FE16FE89}.Debug|x64.ActiveCfg = Debug|x64
		{50B22FBF-97D5-4A22-9441-45F2FE16FE89}.Debug|x64.Build.0 = Debug|x64
		{50B22FBF-97D5-4A22-9441-45F2FE16FE89}.Debug|x64.Deploy.0 = Debug|x64
		{50B22FBF-97D5-4A22-9441-45F2FE16FE89}.Debug|x86.ActiveCfg = Debug|x86
		{50B22FBF-97D5-4A22-9441-45F2FE16FE89}.Debug|x86.Build.0 = Debug|x86
		{50B22FBF-97D5-4A22-9441-45F2FE16FE89}.Debug|x86.Deploy.0 = Debug|x86
		{50B22FBF-97D5-4A22-9441-45F2FE16FE89}.Release|Any CPU.ActiveCfg = Release|x86
		{50B22FBF-97D5-4A22-9441-45F2FE16FE89}.Release|Any CPU.Build.0 = Release|x86
		{50B22FBF-97D5-4A22-9441-45F2FE16FE89}.Release|Any CPU.Deploy.0 = Release|x86
		{50B22FBF-97D5-4A22-9441-45F2FE16FE89}.Release|ARM.ActiveCfg = Release|ARM
		{50B22FBF-97D5-4A22-9441-45F2FE16FE89}.Release|ARM.Build.0 = Release|ARM
		{50B22FBF-97D5-4A22-9441-45F2FE16FE89}.Release|ARM.Deploy.0 = Release|ARM
		{50B22FBF-97D5-4A22-9441-45F2FE16FE89}.Release|iPhone.ActiveCfg = Release|x86
		{50B22FBF-97D5-4A22-9441-45F2FE16FE89}.Release|iPhone.Build.0 = Release|x86
		{50B22FBF-97D5-4A22-9441-45F2FE16FE89}.Release|iPhone.Deploy.0 = Release|x86
		{50B22FBF-97D5-4A22-9441-45F2FE16FE89}.Release|iPhoneSimulator.ActiveCfg = Release|x86
		{50B22FBF-97D5-4A22-9441-45F2FE16FE89}.Release|iPhoneSimulator.Build.0 = Release|x86
		{50B22FBF-97D5-4A22-9441-45F2FE16FE89}.Release|iPhoneSimulator.Deploy.0 = Release|x86
		{50B22FBF-97D5-4A22-9441-45F2FE16FE89}.Release|x64.ActiveCfg = Release|x64
		{50B22FBF-97D5-4A22-9441-45F2FE16FE89}.Release|x64.Build.0 = Release|x64
		{50B22FBF-97D5-4A22-9441-45F2FE16FE89}.Release|x64.Deploy.0 = Release|x64
		{50B22FBF-97D5-4A22-9441-45F2FE16FE89}.Release|x86.ActiveCfg = Release|x86
		{50B22FBF-97D5-4A22-9441-45F2FE16FE89}.Release|x86.Build.0 = Release|x86
		{50B22FBF-97D5-4A22-9441-45F2FE16FE89}.Release|x86.Deploy.0 = Release|x86
		{2A5AD424-AB43-4BDC-887F-3DDBDCC7CBEC}.Debug|Any CPU.ActiveCfg = Debug|Any CPU
		{2A5AD424-AB43-4BDC-887F-3DDBDCC7CBEC}.Debug|Any CPU.Build.0 = Debug|Any CPU
		{2A5AD424-AB43-4BDC-887F-3DDBDCC7CBEC}.Debug|Any CPU.Deploy.0 = Debug|Any CPU
		{2A5AD424-AB43-4BDC-887F-3DDBDCC7CBEC}.Debug|ARM.ActiveCfg = Debug|Any CPU
		{2A5AD424-AB43-4BDC-887F-3DDBDCC7CBEC}.Debug|ARM.Build.0 = Debug|Any CPU
		{2A5AD424-AB43-4BDC-887F-3DDBDCC7CBEC}.Debug|ARM.Deploy.0 = Debug|Any CPU
		{2A5AD424-AB43-4BDC-887F-3DDBDCC7CBEC}.Debug|iPhone.ActiveCfg = Debug|Any CPU
		{2A5AD424-AB43-4BDC-887F-3DDBDCC7CBEC}.Debug|iPhone.Build.0 = Debug|Any CPU
		{2A5AD424-AB43-4BDC-887F-3DDBDCC7CBEC}.Debug|iPhone.Deploy.0 = Debug|Any CPU
		{2A5AD424-AB43-4BDC-887F-3DDBDCC7CBEC}.Debug|iPhoneSimulator.ActiveCfg = Debug|Any CPU
		{2A5AD424-AB43-4BDC-887F-3DDBDCC7CBEC}.Debug|iPhoneSimulator.Build.0 = Debug|Any CPU
		{2A5AD424-AB43-4BDC-887F-3DDBDCC7CBEC}.Debug|iPhoneSimulator.Deploy.0 = Debug|Any CPU
		{2A5AD424-AB43-4BDC-887F-3DDBDCC7CBEC}.Debug|x64.ActiveCfg = Debug|Any CPU
		{2A5AD424-AB43-4BDC-887F-3DDBDCC7CBEC}.Debug|x64.Build.0 = Debug|Any CPU
		{2A5AD424-AB43-4BDC-887F-3DDBDCC7CBEC}.Debug|x64.Deploy.0 = Debug|Any CPU
		{2A5AD424-AB43-4BDC-887F-3DDBDCC7CBEC}.Debug|x86.ActiveCfg = Debug|Any CPU
		{2A5AD424-AB43-4BDC-887F-3DDBDCC7CBEC}.Debug|x86.Build.0 = Debug|Any CPU
		{2A5AD424-AB43-4BDC-887F-3DDBDCC7CBEC}.Debug|x86.Deploy.0 = Debug|Any CPU
		{2A5AD424-AB43-4BDC-887F-3DDBDCC7CBEC}.Release|Any CPU.ActiveCfg = Release|Any CPU
		{2A5AD424-AB43-4BDC-887F-3DDBDCC7CBEC}.Release|Any CPU.Build.0 = Release|Any CPU
		{2A5AD424-AB43-4BDC-887F-3DDBDCC7CBEC}.Release|Any CPU.Deploy.0 = Release|Any CPU
		{2A5AD424-AB43-4BDC-887F-3DDBDCC7CBEC}.Release|ARM.ActiveCfg = Release|Any CPU
		{2A5AD424-AB43-4BDC-887F-3DDBDCC7CBEC}.Release|ARM.Build.0 = Release|Any CPU
		{2A5AD424-AB43-4BDC-887F-3DDBDCC7CBEC}.Release|ARM.Deploy.0 = Release|Any CPU
		{2A5AD424-AB43-4BDC-887F-3DDBDCC7CBEC}.Release|iPhone.ActiveCfg = Release|Any CPU
		{2A5AD424-AB43-4BDC-887F-3DDBDCC7CBEC}.Release|iPhone.Build.0 = Release|Any CPU
		{2A5AD424-AB43-4BDC-887F-3DDBDCC7CBEC}.Release|iPhone.Deploy.0 = Release|Any CPU
		{2A5AD424-AB43-4BDC-887F-3DDBDCC7CBEC}.Release|iPhoneSimulator.ActiveCfg = Release|Any CPU
		{2A5AD424-AB43-4BDC-887F-3DDBDCC7CBEC}.Release|iPhoneSimulator.Build.0 = Release|Any CPU
		{2A5AD424-AB43-4BDC-887F-3DDBDCC7CBEC}.Release|iPhoneSimulator.Deploy.0 = Release|Any CPU
		{2A5AD424-AB43-4BDC-887F-3DDBDCC7CBEC}.Release|x64.ActiveCfg = Release|Any CPU
		{2A5AD424-AB43-4BDC-887F-3DDBDCC7CBEC}.Release|x64.Build.0 = Release|Any CPU
		{2A5AD424-AB43-4BDC-887F-3DDBDCC7CBEC}.Release|x64.Deploy.0 = Release|Any CPU
		{2A5AD424-AB43-4BDC-887F-3DDBDCC7CBEC}.Release|x86.ActiveCfg = Release|Any CPU
		{2A5AD424-AB43-4BDC-887F-3DDBDCC7CBEC}.Release|x86.Build.0 = Release|Any CPU
		{2A5AD424-AB43-4BDC-887F-3DDBDCC7CBEC}.Release|x86.Deploy.0 = Release|Any CPU
		{0717780B-7B92-4708-BFF4-DA9BD363D396}.Debug|Any CPU.ActiveCfg = Debug|iPhoneSimulator
		{0717780B-7B92-4708-BFF4-DA9BD363D396}.Debug|Any CPU.Build.0 = Debug|iPhoneSimulator
		{0717780B-7B92-4708-BFF4-DA9BD363D396}.Debug|Any CPU.Deploy.0 = Debug|iPhoneSimulator
		{0717780B-7B92-4708-BFF4-DA9BD363D396}.Debug|ARM.ActiveCfg = Debug|iPhone
		{0717780B-7B92-4708-BFF4-DA9BD363D396}.Debug|ARM.Build.0 = Debug|iPhone
		{0717780B-7B92-4708-BFF4-DA9BD363D396}.Debug|ARM.Deploy.0 = Debug|iPhone
		{0717780B-7B92-4708-BFF4-DA9BD363D396}.Debug|iPhone.ActiveCfg = Debug|iPhone
		{0717780B-7B92-4708-BFF4-DA9BD363D396}.Debug|iPhone.Build.0 = Debug|iPhone
		{0717780B-7B92-4708-BFF4-DA9BD363D396}.Debug|iPhone.Deploy.0 = Debug|iPhone
		{0717780B-7B92-4708-BFF4-DA9BD363D396}.Debug|iPhoneSimulator.ActiveCfg = Debug|iPhoneSimulator
		{0717780B-7B92-4708-BFF4-DA9BD363D396}.Debug|iPhoneSimulator.Build.0 = Debug|iPhoneSimulator
		{0717780B-7B92-4708-BFF4-DA9BD363D396}.Debug|iPhoneSimulator.Deploy.0 = Debug|iPhoneSimulator
		{0717780B-7B92-4708-BFF4-DA9BD363D396}.Debug|x64.ActiveCfg = Debug|iPhoneSimulator
		{0717780B-7B92-4708-BFF4-DA9BD363D396}.Debug|x64.Build.0 = Debug|iPhoneSimulator
		{0717780B-7B92-4708-BFF4-DA9BD363D396}.Debug|x64.Deploy.0 = Debug|iPhoneSimulator
		{0717780B-7B92-4708-BFF4-DA9BD363D396}.Debug|x86.ActiveCfg = Debug|iPhoneSimulator
		{0717780B-7B92-4708-BFF4-DA9BD363D396}.Debug|x86.Build.0 = Debug|iPhoneSimulator
		{0717780B-7B92-4708-BFF4-DA9BD363D396}.Debug|x86.Deploy.0 = Debug|iPhoneSimulator
		{0717780B-7B92-4708-BFF4-DA9BD363D396}.Release|Any CPU.ActiveCfg = Release|iPhoneSimulator
		{0717780B-7B92-4708-BFF4-DA9BD363D396}.Release|Any CPU.Build.0 = Release|iPhoneSimulator
		{0717780B-7B92-4708-BFF4-DA9BD363D396}.Release|Any CPU.Deploy.0 = Release|iPhoneSimulator
		{0717780B-7B92-4708-BFF4-DA9BD363D396}.Release|ARM.ActiveCfg = Release|iPhoneSimulator
		{0717780B-7B92-4708-BFF4-DA9BD363D396}.Release|ARM.Build.0 = Release|iPhoneSimulator
		{0717780B-7B92-4708-BFF4-DA9BD363D396}.Release|ARM.Deploy.0 = Release|iPhoneSimulator
		{0717780B-7B92-4708-BFF4-DA9BD363D396}.Release|iPhone.ActiveCfg = Release|iPhone
		{0717780B-7B92-4708-BFF4-DA9BD363D396}.Release|iPhone.Build.0 = Release|iPhone
		{0717780B-7B92-4708-BFF4-DA9BD363D396}.Release|iPhone.Deploy.0 = Release|iPhone
		{0717780B-7B92-4708-BFF4-DA9BD363D396}.Release|iPhoneSimulator.ActiveCfg = Release|iPhoneSimulator
		{0717780B-7B92-4708-BFF4-DA9BD363D396}.Release|iPhoneSimulator.Build.0 = Release|iPhoneSimulator
		{0717780B-7B92-4708-BFF4-DA9BD363D396}.Release|iPhoneSimulator.Deploy.0 = Release|iPhoneSimulator
		{0717780B-7B92-4708-BFF4-DA9BD363D396}.Release|x64.ActiveCfg = Release|iPhoneSimulator
		{0717780B-7B92-4708-BFF4-DA9BD363D396}.Release|x64.Build.0 = Release|iPhoneSimulator
		{0717780B-7B92-4708-BFF4-DA9BD363D396}.Release|x64.Deploy.0 = Release|iPhoneSimulator
		{0717780B-7B92-4708-BFF4-DA9BD363D396}.Release|x86.ActiveCfg = Release|iPhoneSimulator
		{0717780B-7B92-4708-BFF4-DA9BD363D396}.Release|x86.Build.0 = Release|iPhoneSimulator
		{0717780B-7B92-4708-BFF4-DA9BD363D396}.Release|x86.Deploy.0 = Release|iPhoneSimulator
		{99800617-091C-44EB-B3AE-E0B1EA234CA9}.Debug|Any CPU.ActiveCfg = Debug|Any CPU
		{99800617-091C-44EB-B3AE-E0B1EA234CA9}.Debug|Any CPU.Build.0 = Debug|Any CPU
		{99800617-091C-44EB-B3AE-E0B1EA234CA9}.Debug|Any CPU.Deploy.0 = Debug|Any CPU
		{99800617-091C-44EB-B3AE-E0B1EA234CA9}.Debug|ARM.ActiveCfg = Debug|Any CPU
		{99800617-091C-44EB-B3AE-E0B1EA234CA9}.Debug|ARM.Build.0 = Debug|Any CPU
		{99800617-091C-44EB-B3AE-E0B1EA234CA9}.Debug|ARM.Deploy.0 = Debug|Any CPU
		{99800617-091C-44EB-B3AE-E0B1EA234CA9}.Debug|iPhone.ActiveCfg = Debug|Any CPU
		{99800617-091C-44EB-B3AE-E0B1EA234CA9}.Debug|iPhone.Build.0 = Debug|Any CPU
		{99800617-091C-44EB-B3AE-E0B1EA234CA9}.Debug|iPhone.Deploy.0 = Debug|Any CPU
		{99800617-091C-44EB-B3AE-E0B1EA234CA9}.Debug|iPhoneSimulator.ActiveCfg = Debug|Any CPU
		{99800617-091C-44EB-B3AE-E0B1EA234CA9}.Debug|iPhoneSimulator.Build.0 = Debug|Any CPU
		{99800617-091C-44EB-B3AE-E0B1EA234CA9}.Debug|iPhoneSimulator.Deploy.0 = Debug|Any CPU
		{99800617-091C-44EB-B3AE-E0B1EA234CA9}.Debug|x64.ActiveCfg = Debug|Any CPU
		{99800617-091C-44EB-B3AE-E0B1EA234CA9}.Debug|x64.Build.0 = Debug|Any CPU
		{99800617-091C-44EB-B3AE-E0B1EA234CA9}.Debug|x64.Deploy.0 = Debug|Any CPU
		{99800617-091C-44EB-B3AE-E0B1EA234CA9}.Debug|x86.ActiveCfg = Debug|Any CPU
		{99800617-091C-44EB-B3AE-E0B1EA234CA9}.Debug|x86.Build.0 = Debug|Any CPU
		{99800617-091C-44EB-B3AE-E0B1EA234CA9}.Debug|x86.Deploy.0 = Debug|Any CPU
		{99800617-091C-44EB-B3AE-E0B1EA234CA9}.Release|Any CPU.ActiveCfg = Release|Any CPU
		{99800617-091C-44EB-B3AE-E0B1EA234CA9}.Release|Any CPU.Build.0 = Release|Any CPU
		{99800617-091C-44EB-B3AE-E0B1EA234CA9}.Release|Any CPU.Deploy.0 = Release|Any CPU
		{99800617-091C-44EB-B3AE-E0B1EA234CA9}.Release|ARM.ActiveCfg = Release|Any CPU
		{99800617-091C-44EB-B3AE-E0B1EA234CA9}.Release|ARM.Build.0 = Release|Any CPU
		{99800617-091C-44EB-B3AE-E0B1EA234CA9}.Release|ARM.Deploy.0 = Release|Any CPU
		{99800617-091C-44EB-B3AE-E0B1EA234CA9}.Release|iPhone.ActiveCfg = Release|Any CPU
		{99800617-091C-44EB-B3AE-E0B1EA234CA9}.Release|iPhone.Build.0 = Release|Any CPU
		{99800617-091C-44EB-B3AE-E0B1EA234CA9}.Release|iPhone.Deploy.0 = Release|Any CPU
		{99800617-091C-44EB-B3AE-E0B1EA234CA9}.Release|iPhoneSimulator.ActiveCfg = Release|Any CPU
		{99800617-091C-44EB-B3AE-E0B1EA234CA9}.Release|iPhoneSimulator.Build.0 = Release|Any CPU
		{99800617-091C-44EB-B3AE-E0B1EA234CA9}.Release|iPhoneSimulator.Deploy.0 = Release|Any CPU
		{99800617-091C-44EB-B3AE-E0B1EA234CA9}.Release|x64.ActiveCfg = Release|Any CPU
		{99800617-091C-44EB-B3AE-E0B1EA234CA9}.Release|x64.Build.0 = Release|Any CPU
		{99800617-091C-44EB-B3AE-E0B1EA234CA9}.Release|x64.Deploy.0 = Release|Any CPU
		{99800617-091C-44EB-B3AE-E0B1EA234CA9}.Release|x86.ActiveCfg = Release|Any CPU
		{99800617-091C-44EB-B3AE-E0B1EA234CA9}.Release|x86.Build.0 = Release|Any CPU
		{99800617-091C-44EB-B3AE-E0B1EA234CA9}.Release|x86.Deploy.0 = Release|Any CPU
	EndGlobalSection
	GlobalSection(SolutionProperties) = preSolution
		HideSolutionNode = FALSE
	EndGlobalSection
	GlobalSection(ExtensibilityGlobals) = postSolution
		SolutionGuid = {F3BC7D2E-55F7-4C1C-844C-351B898C85D9}
	EndGlobalSection
EndGlobal
