
Microsoft Visual Studio Solution File, Format Version 12.00
# Visual Studio Version 16
VisualStudioVersion = 16.0.31129.286
MinimumVisualStudioVersion = 10.0.40219.1
Project("{FAE04EC0-301F-11D3-BF4B-00C04F79EFBC}") = "App05_ControlesVisuais.UWP", "App05_ControlesVisuais.UWP\App05_ControlesVisuais.UWP.csproj", "{B7A4CA15-B72A-4EEA-BFCF-B3835B815D53}"
EndProject
Project("{FAE04EC0-301F-11D3-BF4B-00C04F79EFBC}") = "App05_ControlesVisuais.Android", "App05_ControlesVisuais.Android\App05_ControlesVisuais.Android.csproj", "{B76F025E-6648-409E-B737-66DA617D1221}"
EndProject
Project("{FAE04EC0-301F-11D3-BF4B-00C04F79EFBC}") = "App05_ControlesVisuais.iOS", "App05_ControlesVisuais.iOS\App05_ControlesVisuais.iOS.csproj", "{0AD2462B-1A0C-4AF7-8930-A94E253833D7}"
EndProject
Project("{FAE04EC0-301F-11D3-BF4B-00C04F79EFBC}") = "App05_ControlesVisuais", "App05_ControlesVisuais\App05_ControlesVisuais.csproj", "{76549959-4E7E-4229-A40E-709F5D05A99E}"
EndProject
Global
	GlobalSection(SolutionConfigurationPlatforms) = preSolution
		Debug|Any CPU = Debug|Any CPU
		Debug|ARM = Debug|ARM
		Debug|iPhone = Debug|iPhone
		Debug|iPhoneSimulator = Debug|iPhoneSimulator
		Debug|x64 = Debug|x64
		Debug|x86 = Debug|x86
		Release|Any CPU = Release|Any CPU
		Release|ARM = Release|ARM
		Release|iPhone = Release|iPhone
		Release|iPhoneSimulator = Release|iPhoneSimulator
		Release|x64 = Release|x64
		Release|x86 = Release|x86
	EndGlobalSection
	GlobalSection(ProjectConfigurationPlatforms) = postSolution
		{B7A4CA15-B72A-4EEA-BFCF-B3835B815D53}.Debug|Any CPU.ActiveCfg = Debug|x86
		{B7A4CA15-B72A-4EEA-BFCF-B3835B815D53}.Debug|Any CPU.Build.0 = Debug|x86
		{B7A4CA15-B72A-4EEA-BFCF-B3835B815D53}.Debug|Any CPU.Deploy.0 = Debug|x86
		{B7A4CA15-B72A-4EEA-BFCF-B3835B815D53}.Debug|ARM.ActiveCfg = Debug|ARM
		{B7A4CA15-B72A-4EEA-BFCF-B3835B815D53}.Debug|ARM.Build.0 = Debug|ARM
		{B7A4CA15-B72A-4EEA-BFCF-B3835B815D53}.Debug|ARM.Deploy.0 = Debug|ARM
		{B7A4CA15-B72A-4EEA-BFCF-B3835B815D53}.Debug|iPhone.ActiveCfg = Debug|x86
		{B7A4CA15-B72A-4EEA-BFCF-B3835B815D53}.Debug|iPhone.Build.0 = Debug|x86
		{B7A4CA15-B72A-4EEA-BFCF-B3835B815D53}.Debug|iPhone.Deploy.0 = Debug|x86
		{B7A4CA15-B72A-4EEA-BFCF-B3835B815D53}.Debug|iPhoneSimulator.ActiveCfg = Debug|x86
		{B7A4CA15-B72A-4EEA-BFCF-B3835B815D53}.Debug|iPhoneSimulator.Build.0 = Debug|x86
		{B7A4CA15-B72A-4EEA-BFCF-B3835B815D53}.Debug|iPhoneSimulator.Deploy.0 = Debug|x86
		{B7A4CA15-B72A-4EEA-BFCF-B3835B815D53}.Debug|x64.ActiveCfg = Debug|x64
		{B7A4CA15-B72A-4EEA-BFCF-B3835B815D53}.Debug|x64.Build.0 = Debug|x64
		{B7A4CA15-B72A-4EEA-BFCF-B3835B815D53}.Debug|x64.Deploy.0 = Debug|x64
		{B7A4CA15-B72A-4EEA-BFCF-B3835B815D53}.Debug|x86.ActiveCfg = Debug|x86
		{B7A4CA15-B72A-4EEA-BFCF-B3835B815D53}.Debug|x86.Build.0 = Debug|x86
		{B7A4CA15-B72A-4EEA-BFCF-B3835B815D53}.Debug|x86.Deploy.0 = Debug|x86
		{B7A4CA15-B72A-4EEA-BFCF-B3835B815D53}.Release|Any CPU.ActiveCfg = Release|x86
		{B7A4CA15-B72A-4EEA-BFCF-B3835B815D53}.Release|Any CPU.Build.0 = Release|x86
		{B7A4CA15-B72A-4EEA-BFCF-B3835B815D53}.Release|Any CPU.Deploy.0 = Release|x86
		{B7A4CA15-B72A-4EEA-BFCF-B3835B815D53}.Release|ARM.ActiveCfg = Release|ARM
		{B7A4CA15-B72A-4EEA-BFCF-B3835B815D53}.Release|ARM.Build.0 = Release|ARM
		{B7A4CA15-B72A-4EEA-BFCF-B3835B815D53}.Release|ARM.Deploy.0 = Release|ARM
		{B7A4CA15-B72A-4EEA-BFCF-B3835B815D53}.Release|iPhone.ActiveCfg = Release|x86
		{B7A4CA15-B72A-4EEA-BFCF-B3835B815D53}.Release|iPhone.Build.0 = Release|x86
		{B7A4CA15-B72A-4EEA-BFCF-B3835B815D53}.Release|iPhone.Deploy.0 = Release|x86
		{B7A4CA15-B72A-4EEA-BFCF-B3835B815D53}.Release|iPhoneSimulator.ActiveCfg = Release|x86
		{B7A4CA15-B72A-4EEA-BFCF-B3835B815D53}.Release|iPhoneSimulator.Build.0 = Release|x86
		{B7A4CA15-B72A-4EEA-BFCF-B3835B815D53}.Release|iPhoneSimulator.Deploy.0 = Release|x86
		{B7A4CA15-B72A-4EEA-BFCF-B3835B815D53}.Release|x64.ActiveCfg = Release|x64
		{B7A4CA15-B72A-4EEA-BFCF-B3835B815D53}.Release|x64.Build.0 = Release|x64
		{B7A4CA15-B72A-4EEA-BFCF-B3835B815D53}.Release|x64.Deploy.0 = Release|x64
		{B7A4CA15-B72A-4EEA-BFCF-B3835B815D53}.Release|x86.ActiveCfg = Release|x86
		{B7A4CA15-B72A-4EEA-BFCF-B3835B815D53}.Release|x86.Build.0 = Release|x86
		{B7A4CA15-B72A-4EEA-BFCF-B3835B815D53}.Release|x86.Deploy.0 = Release|x86
		{B76F025E-6648-409E-B737-66DA617D1221}.Debug|Any CPU.ActiveCfg = Debug|Any CPU
		{B76F025E-6648-409E-B737-66DA617D1221}.Debug|Any CPU.Build.0 = Debug|Any CPU
		{B76F025E-6648-409E-B737-66DA617D1221}.Debug|Any CPU.Deploy.0 = Debug|Any CPU
		{B76F025E-6648-409E-B737-66DA617D1221}.Debug|ARM.ActiveCfg = Debug|Any CPU
		{B76F025E-6648-409E-B737-66DA617D1221}.Debug|ARM.Build.0 = Debug|Any CPU
		{B76F025E-6648-409E-B737-66DA617D1221}.Debug|ARM.Deploy.0 = Debug|Any CPU
		{B76F025E-6648-409E-B737-66DA617D1221}.Debug|iPhone.ActiveCfg = Debug|Any CPU
		{B76F025E-6648-409E-B737-66DA617D1221}.Debug|iPhone.Build.0 = Debug|Any CPU
		{B76F025E-6648-409E-B737-66DA617D1221}.Debug|iPhone.Deploy.0 = Debug|Any CPU
		{B76F025E-6648-409E-B737-66DA617D1221}.Debug|iPhoneSimulator.ActiveCfg = Debug|Any CPU
		{B76F025E-6648-409E-B737-66DA617D1221}.Debug|iPhoneSimulator.Build.0 = Debug|Any CPU
		{B76F025E-6648-409E-B737-66DA617D1221}.Debug|iPhoneSimulator.Deploy.0 = Debug|Any CPU
		{B76F025E-6648-409E-B737-66DA617D1221}.Debug|x64.ActiveCfg = Debug|Any CPU
		{B76F025E-6648-409E-B737-66DA617D1221}.Debug|x64.Build.0 = Debug|Any CPU
		{B76F025E-6648-409E-B737-66DA617D1221}.Debug|x64.Deploy.0 = Debug|Any CPU
		{B76F025E-6648-409E-B737-66DA617D1221}.Debug|x86.ActiveCfg = Debug|Any CPU
		{B76F025E-6648-409E-B737-66DA617D1221}.Debug|x86.Build.0 = Debug|Any CPU
		{B76F025E-6648-409E-B737-66DA617D1221}.Debug|x86.Deploy.0 = Debug|Any CPU
		{B76F025E-6648-409E-B737-66DA617D1221}.Release|Any CPU.ActiveCfg = Release|Any CPU
		{B76F025E-6648-409E-B737-66DA617D1221}.Release|Any CPU.Build.0 = Release|Any CPU
		{B76F025E-6648-409E-B737-66DA617D1221}.Release|Any CPU.Deploy.0 = Release|Any CPU
		{B76F025E-6648-409E-B737-66DA617D1221}.Release|ARM.ActiveCfg = Release|Any CPU
		{B76F025E-6648-409E-B737-66DA617D1221}.Release|ARM.Build.0 = Release|Any CPU
		{B76F025E-6648-409E-B737-66DA617D1221}.Release|ARM.Deploy.0 = Release|Any CPU
		{B76F025E-6648-409E-B737-66DA617D1221}.Release|iPhone.ActiveCfg = Release|Any CPU
		{B76F025E-6648-409E-B737-66DA617D1221}.Release|iPhone.Build.0 = Release|Any CPU
		{B76F025E-6648-409E-B737-66DA617D1221}.Release|iPhone.Deploy.0 = Release|Any CPU
		{B76F025E-6648-409E-B737-66DA617D1221}.Release|iPhoneSimulator.ActiveCfg = Release|Any CPU
		{B76F025E-6648-409E-B737-66DA617D1221}.Release|iPhoneSimulator.Build.0 = Release|Any CPU
		{B76F025E-6648-409E-B737-66DA617D1221}.Release|iPhoneSimulator.Deploy.0 = Release|Any CPU
		{B76F025E-6648-409E-B737-66DA617D1221}.Release|x64.ActiveCfg = Release|Any CPU
		{B76F025E-6648-409E-B737-66DA617D1221}.Release|x64.Build.0 = Release|Any CPU
		{B76F025E-6648-409E-B737-66DA617D1221}.Release|x64.Deploy.0 = Release|Any CPU
		{B76F025E-6648-409E-B737-66DA617D1221}.Release|x86.ActiveCfg = Release|Any CPU
		{B76F025E-6648-409E-B737-66DA617D1221}.Release|x86.Build.0 = Release|Any CPU
		{B76F025E-6648-409E-B737-66DA617D1221}.Release|x86.Deploy.0 = Release|Any CPU
		{0AD2462B-1A0C-4AF7-8930-A94E253833D7}.Debug|Any CPU.ActiveCfg = Debug|iPhoneSimulator
		{0AD2462B-1A0C-4AF7-8930-A94E253833D7}.Debug|Any CPU.Build.0 = Debug|iPhoneSimulator
		{0AD2462B-1A0C-4AF7-8930-A94E253833D7}.Debug|Any CPU.Deploy.0 = Debug|iPhoneSimulator
		{0AD2462B-1A0C-4AF7-8930-A94E253833D7}.Debug|ARM.ActiveCfg = Debug|iPhone
		{0AD2462B-1A0C-4AF7-8930-A94E253833D7}.Debug|ARM.Build.0 = Debug|iPhone
		{0AD2462B-1A0C-4AF7-8930-A94E253833D7}.Debug|ARM.Deploy.0 = Debug|iPhone
		{0AD2462B-1A0C-4AF7-8930-A94E253833D7}.Debug|iPhone.ActiveCfg = Debug|iPhone
		{0AD2462B-1A0C-4AF7-8930-A94E253833D7}.Debug|iPhone.Build.0 = Debug|iPhone
		{0AD2462B-1A0C-4AF7-8930-A94E253833D7}.Debug|iPhone.Deploy.0 = Debug|iPhone
		{0AD2462B-1A0C-4AF7-8930-A94E253833D7}.Debug|iPhoneSimulator.ActiveCfg = Debug|iPhoneSimulator
		{0AD2462B-1A0C-4AF7-8930-A94E253833D7}.Debug|iPhoneSimulator.Build.0 = Debug|iPhoneSimulator
		{0AD2462B-1A0C-4AF7-8930-A94E253833D7}.Debug|iPhoneSimulator.Deploy.0 = Debug|iPhoneSimulator
		{0AD2462B-1A0C-4AF7-8930-A94E253833D7}.Debug|x64.ActiveCfg = Debug|iPhoneSimulator
		{0AD2462B-1A0C-4AF7-8930-A94E253833D7}.Debug|x64.Build.0 = Debug|iPhoneSimulator
		{0AD2462B-1A0C-4AF7-8930-A94E253833D7}.Debug|x64.Deploy.0 = Debug|iPhoneSimulator
		{0AD2462B-1A0C-4AF7-8930-A94E253833D7}.Debug|x86.ActiveCfg = Debug|iPhoneSimulator
		{0AD2462B-1A0C-4AF7-8930-A94E253833D7}.Debug|x86.Build.0 = Debug|iPhoneSimulator
		{0AD2462B-1A0C-4AF7-8930-A94E253833D7}.Debug|x86.Deploy.0 = Debug|iPhoneSimulator
		{0AD2462B-1A0C-4AF7-8930-A94E253833D7}.Release|Any CPU.ActiveCfg = Release|iPhoneSimulator
		{0AD2462B-1A0C-4AF7-8930-A94E253833D7}.Release|Any CPU.Build.0 = Release|iPhoneSimulator
		{0AD2462B-1A0C-4AF7-8930-A94E253833D7}.Release|Any CPU.Deploy.0 = Release|iPhoneSimulator
		{0AD2462B-1A0C-4AF7-8930-A94E253833D7}.Release|ARM.ActiveCfg = Release|iPhoneSimulator
		{0AD2462B-1A0C-4AF7-8930-A94E253833D7}.Release|ARM.Build.0 = Release|iPhoneSimulator
		{0AD2462B-1A0C-4AF7-8930-A94E253833D7}.Release|ARM.Deploy.0 = Release|iPhoneSimulator
		{0AD2462B-1A0C-4AF7-8930-A94E253833D7}.Release|iPhone.ActiveCfg = Release|iPhone
		{0AD2462B-1A0C-4AF7-8930-A94E253833D7}.Release|iPhone.Build.0 = Release|iPhone
		{0AD2462B-1A0C-4AF7-8930-A94E253833D7}.Release|iPhone.Deploy.0 = Release|iPhone
		{0AD2462B-1A0C-4AF7-8930-A94E253833D7}.Release|iPhoneSimulator.ActiveCfg = Release|iPhoneSimulator
		{0AD2462B-1A0C-4AF7-8930-A94E253833D7}.Release|iPhoneSimulator.Build.0 = Release|iPhoneSimulator
		{0AD2462B-1A0C-4AF7-8930-A94E253833D7}.Release|iPhoneSimulator.Deploy.0 = Release|iPhoneSimulator
		{0AD2462B-1A0C-4AF7-8930-A94E253833D7}.Release|x64.ActiveCfg = Release|iPhoneSimulator
		{0AD2462B-1A0C-4AF7-8930-A94E253833D7}.Release|x64.Build.0 = Release|iPhoneSimulator
		{0AD2462B-1A0C-4AF7-8930-A94E253833D7}.Release|x64.Deploy.0 = Release|iPhoneSimulator
		{0AD2462B-1A0C-4AF7-8930-A94E253833D7}.Release|x86.ActiveCfg = Release|iPhoneSimulator
		{0AD2462B-1A0C-4AF7-8930-A94E253833D7}.Release|x86.Build.0 = Release|iPhoneSimulator
		{0AD2462B-1A0C-4AF7-8930-A94E253833D7}.Release|x86.Deploy.0 = Release|iPhoneSimulator
		{76549959-4E7E-4229-A40E-709F5D05A99E}.Debug|Any CPU.ActiveCfg = Debug|Any CPU
		{76549959-4E7E-4229-A40E-709F5D05A99E}.Debug|Any CPU.Build.0 = Debug|Any CPU
		{76549959-4E7E-4229-A40E-709F5D05A99E}.Debug|Any CPU.Deploy.0 = Debug|Any CPU
		{76549959-4E7E-4229-A40E-709F5D05A99E}.Debug|ARM.ActiveCfg = Debug|Any CPU
		{76549959-4E7E-4229-A40E-709F5D05A99E}.Debug|ARM.Build.0 = Debug|Any CPU
		{76549959-4E7E-4229-A40E-709F5D05A99E}.Debug|ARM.Deploy.0 = Debug|Any CPU
		{76549959-4E7E-4229-A40E-709F5D05A99E}.Debug|iPhone.ActiveCfg = Debug|Any CPU
		{76549959-4E7E-4229-A40E-709F5D05A99E}.Debug|iPhone.Build.0 = Debug|Any CPU
		{76549959-4E7E-4229-A40E-709F5D05A99E}.Debug|iPhone.Deploy.0 = Debug|Any CPU
		{76549959-4E7E-4229-A40E-709F5D05A99E}.Debug|iPhoneSimulator.ActiveCfg = Debug|Any CPU
		{76549959-4E7E-4229-A40E-709F5D05A99E}.Debug|iPhoneSimulator.Build.0 = Debug|Any CPU
		{76549959-4E7E-4229-A40E-709F5D05A99E}.Debug|iPhoneSimulator.Deploy.0 = Debug|Any CPU
		{76549959-4E7E-4229-A40E-709F5D05A99E}.Debug|x64.ActiveCfg = Debug|Any CPU
		{76549959-4E7E-4229-A40E-709F5D05A99E}.Debug|x64.Build.0 = Debug|Any CPU
		{76549959-4E7E-4229-A40E-709F5D05A99E}.Debug|x64.Deploy.0 = Debug|Any CPU
		{76549959-4E7E-4229-A40E-709F5D05A99E}.Debug|x86.ActiveCfg = Debug|Any CPU
		{76549959-4E7E-4229-A40E-709F5D05A99E}.Debug|x86.Build.0 = Debug|Any CPU
		{76549959-4E7E-4229-A40E-709F5D05A99E}.Debug|x86.Deploy.0 = Debug|Any CPU
		{76549959-4E7E-4229-A40E-709F5D05A99E}.Release|Any CPU.ActiveCfg = Release|Any CPU
		{76549959-4E7E-4229-A40E-709F5D05A99E}.Release|Any CPU.Build.0 = Release|Any CPU
		{76549959-4E7E-4229-A40E-709F5D05A99E}.Release|Any CPU.Deploy.0 = Release|Any CPU
		{76549959-4E7E-4229-A40E-709F5D05A99E}.Release|ARM.ActiveCfg = Release|Any CPU
		{76549959-4E7E-4229-A40E-709F5D05A99E}.Release|ARM.Build.0 = Release|Any CPU
		{76549959-4E7E-4229-A40E-709F5D05A99E}.Release|ARM.Deploy.0 = Release|Any CPU
		{76549959-4E7E-4229-A40E-709F5D05A99E}.Release|iPhone.ActiveCfg = Release|Any CPU
		{76549959-4E7E-4229-A40E-709F5D05A99E}.Release|iPhone.Build.0 = Release|Any CPU
		{76549959-4E7E-4229-A40E-709F5D05A99E}.Release|iPhone.Deploy.0 = Release|Any CPU
		{76549959-4E7E-4229-A40E-709F5D05A99E}.Release|iPhoneSimulator.ActiveCfg = Release|Any CPU
		{76549959-4E7E-4229-A40E-709F5D05A99E}.Release|iPhoneSimulator.Build.0 = Release|Any CPU
		{76549959-4E7E-4229-A40E-709F5D05A99E}.Release|iPhoneSimulator.Deploy.0 = Release|Any CPU
		{76549959-4E7E-4229-A40E-709F5D05A99E}.Release|x64.ActiveCfg = Release|Any CPU
		{76549959-4E7E-4229-A40E-709F5D05A99E}.Release|x64.Build.0 = Release|Any CPU
		{76549959-4E7E-4229-A40E-709F5D05A99E}.Release|x64.Deploy.0 = Release|Any CPU
		{76549959-4E7E-4229-A40E-709F5D05A99E}.Release|x86.ActiveCfg = Release|Any CPU
		{76549959-4E7E-4229-A40E-709F5D05A99E}.Release|x86.Build.0 = Release|Any CPU
		{76549959-4E7E-4229-A40E-709F5D05A99E}.Release|x86.Deploy.0 = Release|Any CPU
	EndGlobalSection
	GlobalSection(SolutionProperties) = preSolution
		HideSolutionNode = FALSE
	EndGlobalSection
	GlobalSection(ExtensibilityGlobals) = postSolution
		SolutionGuid = {EFCB2F51-1908-4C29-BFAA-1DE59E566058}
	EndGlobalSection
EndGlobal
