
Microsoft Visual Studio Solution File, Format Version 12.00
# Visual Studio Version 16
VisualStudioVersion = 16.0.31129.286
MinimumVisualStudioVersion = 10.0.40219.1
Project("{FAE04EC0-301F-11D3-BF4B-00C04F79EFBC}") = "App06_Tarefa.UWP", "App06_Tarefa.UWP\App06_Tarefa.UWP.csproj", "{4FDC04C3-F04B-4CF6-9D61-F1A31D644101}"
EndProject
Project("{FAE04EC0-301F-11D3-BF4B-00C04F79EFBC}") = "App06_Tarefa.Android", "App06_Tarefa.Android\App06_Tarefa.Android.csproj", "{DECBBA89-FE93-441F-BA8D-10A5F5476ED5}"
EndProject
Project("{FAE04EC0-301F-11D3-BF4B-00C04F79EFBC}") = "App06_Tarefa.iOS", "App06_Tarefa.iOS\App06_Tarefa.iOS.csproj", "{900BC18E-965D-43BC-B0C8-8BDC51FF4F30}"
EndProject
Project("{FAE04EC0-301F-11D3-BF4B-00C04F79EFBC}") = "App06_Tarefa", "App06_Tarefa\App06_Tarefa.csproj", "{D65656D7-EC3A-44F6-A405-32CFFFB5F0E6}"
EndProject
Global
	GlobalSection(SolutionConfigurationPlatforms) = preSolution
		Debug|Any CPU = Debug|Any CPU
		Debug|ARM = Debug|ARM
		Debug|iPhone = Debug|iPhone
		Debug|iPhoneSimulator = Debug|iPhoneSimulator
		Debug|x64 = Debug|x64
		Debug|x86 = Debug|x86
		Release|Any CPU = Release|Any CPU
		Release|ARM = Release|ARM
		Release|iPhone = Release|iPhone
		Release|iPhoneSimulator = Release|iPhoneSimulator
		Release|x64 = Release|x64
		Release|x86 = Release|x86
	EndGlobalSection
	GlobalSection(ProjectConfigurationPlatforms) = postSolution
		{4FDC04C3-F04B-4CF6-9D61-F1A31D644101}.Debug|Any CPU.ActiveCfg = Debug|x86
		{4FDC04C3-F04B-4CF6-9D61-F1A31D644101}.Debug|Any CPU.Build.0 = Debug|x86
		{4FDC04C3-F04B-4CF6-9D61-F1A31D644101}.Debug|Any CPU.Deploy.0 = Debug|x86
		{4FDC04C3-F04B-4CF6-9D61-F1A31D644101}.Debug|ARM.ActiveCfg = Debug|ARM
		{4FDC04C3-F04B-4CF6-9D61-F1A31D644101}.Debug|ARM.Build.0 = Debug|ARM
		{4FDC04C3-F04B-4CF6-9D61-F1A31D644101}.Debug|ARM.Deploy.0 = Debug|ARM
		{4FDC04C3-F04B-4CF6-9D61-F1A31D644101}.Debug|iPhone.ActiveCfg = Debug|x86
		{4FDC04C3-F04B-4CF6-9D61-F1A31D644101}.Debug|iPhone.Build.0 = Debug|x86
		{4FDC04C3-F04B-4CF6-9D61-F1A31D644101}.Debug|iPhone.Deploy.0 = Debug|x86
		{4FDC04C3-F04B-4CF6-9D61-F1A31D644101}.Debug|iPhoneSimulator.ActiveCfg = Debug|x86
		{4FDC04C3-F04B-4CF6-9D61-F1A31D644101}.Debug|iPhoneSimulator.Build.0 = Debug|x86
		{4FDC04C3-F04B-4CF6-9D61-F1A31D644101}.Debug|iPhoneSimulator.Deploy.0 = Debug|x86
		{4FDC04C3-F04B-4CF6-9D61-F1A31D644101}.Debug|x64.ActiveCfg = Debug|x64
		{4FDC04C3-F04B-4CF6-9D61-F1A31D644101}.Debug|x64.Build.0 = Debug|x64
		{4FDC04C3-F04B-4CF6-9D61-F1A31D644101}.Debug|x64.Deploy.0 = Debug|x64
		{4FDC04C3-F04B-4CF6-9D61-F1A31D644101}.Debug|x86.ActiveCfg = Debug|x86
		{4FDC04C3-F04B-4CF6-9D61-F1A31D644101}.Debug|x86.Build.0 = Debug|x86
		{4FDC04C3-F04B-4CF6-9D61-F1A31D644101}.Debug|x86.Deploy.0 = Debug|x86
		{4FDC04C3-F04B-4CF6-9D61-F1A31D644101}.Release|Any CPU.ActiveCfg = Release|x86
		{4FDC04C3-F04B-4CF6-9D61-F1A31D644101}.Release|Any CPU.Build.0 = Release|x86
		{4FDC04C3-F04B-4CF6-9D61-F1A31D644101}.Release|Any CPU.Deploy.0 = Release|x86
		{4FDC04C3-F04B-4CF6-9D61-F1A31D644101}.Release|ARM.ActiveCfg = Release|ARM
		{4FDC04C3-F04B-4CF6-9D61-F1A31D644101}.Release|ARM.Build.0 = Release|ARM
		{4FDC04C3-F04B-4CF6-9D61-F1A31D644101}.Release|ARM.Deploy.0 = Release|ARM
		{4FDC04C3-F04B-4CF6-9D61-F1A31D644101}.Release|iPhone.ActiveCfg = Release|x86
		{4FDC04C3-F04B-4CF6-9D61-F1A31D644101}.Release|iPhone.Build.0 = Release|x86
		{4FDC04C3-F04B-4CF6-9D61-F1A31D644101}.Release|iPhone.Deploy.0 = Release|x86
		{4FDC04C3-F04B-4CF6-9D61-F1A31D644101}.Release|iPhoneSimulator.ActiveCfg = Release|x86
		{4FDC04C3-F04B-4CF6-9D61-F1A31D644101}.Release|iPhoneSimulator.Build.0 = Release|x86
		{4FDC04C3-F04B-4CF6-9D61-F1A31D644101}.Release|iPhoneSimulator.Deploy.0 = Release|x86
		{4FDC04C3-F04B-4CF6-9D61-F1A31D644101}.Release|x64.ActiveCfg = Release|x64
		{4FDC04C3-F04B-4CF6-9D61-F1A31D644101}.Release|x64.Build.0 = Release|x64
		{4FDC04C3-F04B-4CF6-9D61-F1A31D644101}.Release|x64.Deploy.0 = Release|x64
		{4FDC04C3-F04B-4CF6-9D61-F1A31D644101}.Release|x86.ActiveCfg = Release|x86
		{4FDC04C3-F04B-4CF6-9D61-F1A31D644101}.Release|x86.Build.0 = Release|x86
		{4FDC04C3-F04B-4CF6-9D61-F1A31D644101}.Release|x86.Deploy.0 = Release|x86
		{DECBBA89-FE93-441F-BA8D-10A5F5476ED5}.Debug|Any CPU.ActiveCfg = Debug|Any CPU
		{DECBBA89-FE93-441F-BA8D-10A5F5476ED5}.Debug|Any CPU.Build.0 = Debug|Any CPU
		{DECBBA89-FE93-441F-BA8D-10A5F5476ED5}.Debug|Any CPU.Deploy.0 = Debug|Any CPU
		{DECBBA89-FE93-441F-BA8D-10A5F5476ED5}.Debug|ARM.ActiveCfg = Debug|Any CPU
		{DECBBA89-FE93-441F-BA8D-10A5F5476ED5}.Debug|ARM.Build.0 = Debug|Any CPU
		{DECBBA89-FE93-441F-BA8D-10A5F5476ED5}.Debug|ARM.Deploy.0 = Debug|Any CPU
		{DECBBA89-FE93-441F-BA8D-10A5F5476ED5}.Debug|iPhone.ActiveCfg = Debug|Any CPU
		{DECBBA89-FE93-441F-BA8D-10A5F5476ED5}.Debug|iPhone.Build.0 = Debug|Any CPU
		{DECBBA89-FE93-441F-BA8D-10A5F5476ED5}.Debug|iPhone.Deploy.0 = Debug|Any CPU
		{DECBBA89-FE93-441F-BA8D-10A5F5476ED5}.Debug|iPhoneSimulator.ActiveCfg = Debug|Any CPU
		{DECBBA89-FE93-441F-BA8D-10A5F5476ED5}.Debug|iPhoneSimulator.Build.0 = Debug|Any CPU
		{DECBBA89-FE93-441F-BA8D-10A5F5476ED5}.Debug|iPhoneSimulator.Deploy.0 = Debug|Any CPU
		{DECBBA89-FE93-441F-BA8D-10A5F5476ED5}.Debug|x64.ActiveCfg = Debug|Any CPU
		{DECBBA89-FE93-441F-BA8D-10A5F5476ED5}.Debug|x64.Build.0 = Debug|Any CPU
		{DECBBA89-FE93-441F-BA8D-10A5F5476ED5}.Debug|x64.Deploy.0 = Debug|Any CPU
		{DECBBA89-FE93-441F-BA8D-10A5F5476ED5}.Debug|x86.ActiveCfg = Debug|Any CPU
		{DECBBA89-FE93-441F-BA8D-10A5F5476ED5}.Debug|x86.Build.0 = Debug|Any CPU
		{DECBBA89-FE93-441F-BA8D-10A5F5476ED5}.Debug|x86.Deploy.0 = Debug|Any CPU
		{DECBBA89-FE93-441F-BA8D-10A5F5476ED5}.Release|Any CPU.ActiveCfg = Release|Any CPU
		{DECBBA89-FE93-441F-BA8D-10A5F5476ED5}.Release|Any CPU.Build.0 = Release|Any CPU
		{DECBBA89-FE93-441F-BA8D-10A5F5476ED5}.Release|Any CPU.Deploy.0 = Release|Any CPU
		{DECBBA89-FE93-441F-BA8D-10A5F5476ED5}.Release|ARM.ActiveCfg = Release|Any CPU
		{DECBBA89-FE93-441F-BA8D-10A5F5476ED5}.Release|ARM.Build.0 = Release|Any CPU
		{DECBBA89-FE93-441F-BA8D-10A5F5476ED5}.Release|ARM.Deploy.0 = Release|Any CPU
		{DECBBA89-FE93-441F-BA8D-10A5F5476ED5}.Release|iPhone.ActiveCfg = Release|Any CPU
		{DECBBA89-FE93-441F-BA8D-10A5F5476ED5}.Release|iPhone.Build.0 = Release|Any CPU
		{DECBBA89-FE93-441F-BA8D-10A5F5476ED5}.Release|iPhone.Deploy.0 = Release|Any CPU
		{DECBBA89-FE93-441F-BA8D-10A5F5476ED5}.Release|iPhoneSimulator.ActiveCfg = Release|Any CPU
		{DECBBA89-FE93-441F-BA8D-10A5F5476ED5}.Release|iPhoneSimulator.Build.0 = Release|Any CPU
		{DECBBA89-FE93-441F-BA8D-10A5F5476ED5}.Release|iPhoneSimulator.Deploy.0 = Release|Any CPU
		{DECBBA89-FE93-441F-BA8D-10A5F5476ED5}.Release|x64.ActiveCfg = Release|Any CPU
		{DECBBA89-FE93-441F-BA8D-10A5F5476ED5}.Release|x64.Build.0 = Release|Any CPU
		{DECBBA89-FE93-441F-BA8D-10A5F5476ED5}.Release|x64.Deploy.0 = Release|Any CPU
		{DECBBA89-FE93-441F-BA8D-10A5F5476ED5}.Release|x86.ActiveCfg = Release|Any CPU
		{DECBBA89-FE93-441F-BA8D-10A5F5476ED5}.Release|x86.Build.0 = Release|Any CPU
		{DECBBA89-FE93-441F-BA8D-10A5F5476ED5}.Release|x86.Deploy.0 = Release|Any CPU
		{900BC18E-965D-43BC-B0C8-8BDC51FF4F30}.Debug|Any CPU.ActiveCfg = Debug|iPhoneSimulator
		{900BC18E-965D-43BC-B0C8-8BDC51FF4F30}.Debug|Any CPU.Build.0 = Debug|iPhoneSimulator
		{900BC18E-965D-43BC-B0C8-8BDC51FF4F30}.Debug|Any CPU.Deploy.0 = Debug|iPhoneSimulator
		{900BC18E-965D-43BC-B0C8-8BDC51FF4F30}.Debug|ARM.ActiveCfg = Debug|iPhone
		{900BC18E-965D-43BC-B0C8-8BDC51FF4F30}.Debug|ARM.Build.0 = Debug|iPhone
		{900BC18E-965D-43BC-B0C8-8BDC51FF4F30}.Debug|ARM.Deploy.0 = Debug|iPhone
		{900BC18E-965D-43BC-B0C8-8BDC51FF4F30}.Debug|iPhone.ActiveCfg = Debug|iPhone
		{900BC18E-965D-43BC-B0C8-8BDC51FF4F30}.Debug|iPhone.Build.0 = Debug|iPhone
		{900BC18E-965D-43BC-B0C8-8BDC51FF4F30}.Debug|iPhone.Deploy.0 = Debug|iPhone
		{900BC18E-965D-43BC-B0C8-8BDC51FF4F30}.Debug|iPhoneSimulator.ActiveCfg = Debug|iPhoneSimulator
		{900BC18E-965D-43BC-B0C8-8BDC51FF4F30}.Debug|iPhoneSimulator.Build.0 = Debug|iPhoneSimulator
		{900BC18E-965D-43BC-B0C8-8BDC51FF4F30}.Debug|iPhoneSimulator.Deploy.0 = Debug|iPhoneSimulator
		{900BC18E-965D-43BC-B0C8-8BDC51FF4F30}.Debug|x64.ActiveCfg = Debug|iPhoneSimulator
		{900BC18E-965D-43BC-B0C8-8BDC51FF4F30}.Debug|x64.Build.0 = Debug|iPhoneSimulator
		{900BC18E-965D-43BC-B0C8-8BDC51FF4F30}.Debug|x64.Deploy.0 = Debug|iPhoneSimulator
		{900BC18E-965D-43BC-B0C8-8BDC51FF4F30}.Debug|x86.ActiveCfg = Debug|iPhoneSimulator
		{900BC18E-965D-43BC-B0C8-8BDC51FF4F30}.Debug|x86.Build.0 = Debug|iPhoneSimulator
		{900BC18E-965D-43BC-B0C8-8BDC51FF4F30}.Debug|x86.Deploy.0 = Debug|iPhoneSimulator
		{900BC18E-965D-43BC-B0C8-8BDC51FF4F30}.Release|Any CPU.ActiveCfg = Release|iPhoneSimulator
		{900BC18E-965D-43BC-B0C8-8BDC51FF4F30}.Release|Any CPU.Build.0 = Release|iPhoneSimulator
		{900BC18E-965D-43BC-B0C8-8BDC51FF4F30}.Release|Any CPU.Deploy.0 = Release|iPhoneSimulator
		{900BC18E-965D-43BC-B0C8-8BDC51FF4F30}.Release|ARM.ActiveCfg = Release|iPhoneSimulator
		{900BC18E-965D-43BC-B0C8-8BDC51FF4F30}.Release|ARM.Build.0 = Release|iPhoneSimulator
		{900BC18E-965D-43BC-B0C8-8BDC51FF4F30}.Release|ARM.Deploy.0 = Release|iPhoneSimulator
		{900BC18E-965D-43BC-B0C8-8BDC51FF4F30}.Release|iPhone.ActiveCfg = Release|iPhone
		{900BC18E-965D-43BC-B0C8-8BDC51FF4F30}.Release|iPhone.Build.0 = Release|iPhone
		{900BC18E-965D-43BC-B0C8-8BDC51FF4F30}.Release|iPhone.Deploy.0 = Release|iPhone
		{900BC18E-965D-43BC-B0C8-8BDC51FF4F30}.Release|iPhoneSimulator.ActiveCfg = Release|iPhoneSimulator
		{900BC18E-965D-43BC-B0C8-8BDC51FF4F30}.Release|iPhoneSimulator.Build.0 = Release|iPhoneSimulator
		{900BC18E-965D-43BC-B0C8-8BDC51FF4F30}.Release|iPhoneSimulator.Deploy.0 = Release|iPhoneSimulator
		{900BC18E-965D-43BC-B0C8-8BDC51FF4F30}.Release|x64.ActiveCfg = Release|iPhoneSimulator
		{900BC18E-965D-43BC-B0C8-8BDC51FF4F30}.Release|x64.Build.0 = Release|iPhoneSimulator
		{900BC18E-965D-43BC-B0C8-8BDC51FF4F30}.Release|x64.Deploy.0 = Release|iPhoneSimulator
		{900BC18E-965D-43BC-B0C8-8BDC51FF4F30}.Release|x86.ActiveCfg = Release|iPhoneSimulator
		{900BC18E-965D-43BC-B0C8-8BDC51FF4F30}.Release|x86.Build.0 = Release|iPhoneSimulator
		{900BC18E-965D-43BC-B0C8-8BDC51FF4F30}.Release|x86.Deploy.0 = Release|iPhoneSimulator
		{D65656D7-EC3A-44F6-A405-32CFFFB5F0E6}.Debug|Any CPU.ActiveCfg = Debug|Any CPU
		{D65656D7-EC3A-44F6-A405-32CFFFB5F0E6}.Debug|Any CPU.Build.0 = Debug|Any CPU
		{D65656D7-EC3A-44F6-A405-32CFFFB5F0E6}.Debug|Any CPU.Deploy.0 = Debug|Any CPU
		{D65656D7-EC3A-44F6-A405-32CFFFB5F0E6}.Debug|ARM.ActiveCfg = Debug|Any CPU
		{D65656D7-EC3A-44F6-A405-32CFFFB5F0E6}.Debug|ARM.Build.0 = Debug|Any CPU
		{D65656D7-EC3A-44F6-A405-32CFFFB5F0E6}.Debug|ARM.Deploy.0 = Debug|Any CPU
		{D65656D7-EC3A-44F6-A405-32CFFFB5F0E6}.Debug|iPhone.ActiveCfg = Debug|Any CPU
		{D65656D7-EC3A-44F6-A405-32CFFFB5F0E6}.Debug|iPhone.Build.0 = Debug|Any CPU
		{D65656D7-EC3A-44F6-A405-32CFFFB5F0E6}.Debug|iPhone.Deploy.0 = Debug|Any CPU
		{D65656D7-EC3A-44F6-A405-32CFFFB5F0E6}.Debug|iPhoneSimulator.ActiveCfg = Debug|Any CPU
		{D65656D7-EC3A-44F6-A405-32CFFFB5F0E6}.Debug|iPhoneSimulator.Build.0 = Debug|Any CPU
		{D65656D7-EC3A-44F6-A405-32CFFFB5F0E6}.Debug|iPhoneSimulator.Deploy.0 = Debug|Any CPU
		{D65656D7-EC3A-44F6-A405-32CFFFB5F0E6}.Debug|x64.ActiveCfg = Debug|Any CPU
		{D65656D7-EC3A-44F6-A405-32CFFFB5F0E6}.Debug|x64.Build.0 = Debug|Any CPU
		{D65656D7-EC3A-44F6-A405-32CFFFB5F0E6}.Debug|x64.Deploy.0 = Debug|Any CPU
		{D65656D7-EC3A-44F6-A405-32CFFFB5F0E6}.Debug|x86.ActiveCfg = Debug|Any CPU
		{D65656D7-EC3A-44F6-A405-32CFFFB5F0E6}.Debug|x86.Build.0 = Debug|Any CPU
		{D65656D7-EC3A-44F6-A405-32CFFFB5F0E6}.Debug|x86.Deploy.0 = Debug|Any CPU
		{D65656D7-EC3A-44F6-A405-32CFFFB5F0E6}.Release|Any CPU.ActiveCfg = Release|Any CPU
		{D65656D7-EC3A-44F6-A405-32CFFFB5F0E6}.Release|Any CPU.Build.0 = Release|Any CPU
		{D65656D7-EC3A-44F6-A405-32CFFFB5F0E6}.Release|Any CPU.Deploy.0 = Release|Any CPU
		{D65656D7-EC3A-44F6-A405-32CFFFB5F0E6}.Release|ARM.ActiveCfg = Release|Any CPU
		{D65656D7-EC3A-44F6-A405-32CFFFB5F0E6}.Release|ARM.Build.0 = Release|Any CPU
		{D65656D7-EC3A-44F6-A405-32CFFFB5F0E6}.Release|ARM.Deploy.0 = Release|Any CPU
		{D65656D7-EC3A-44F6-A405-32CFFFB5F0E6}.Release|iPhone.ActiveCfg = Release|Any CPU
		{D65656D7-EC3A-44F6-A405-32CFFFB5F0E6}.Release|iPhone.Build.0 = Release|Any CPU
		{D65656D7-EC3A-44F6-A405-32CFFFB5F0E6}.Release|iPhone.Deploy.0 = Release|Any CPU
		{D65656D7-EC3A-44F6-A405-32CFFFB5F0E6}.Release|iPhoneSimulator.ActiveCfg = Release|Any CPU
		{D65656D7-EC3A-44F6-A405-32CFFFB5F0E6}.Release|iPhoneSimulator.Build.0 = Release|Any CPU
		{D65656D7-EC3A-44F6-A405-32CFFFB5F0E6}.Release|iPhoneSimulator.Deploy.0 = Release|Any CPU
		{D65656D7-EC3A-44F6-A405-32CFFFB5F0E6}.Release|x64.ActiveCfg = Release|Any CPU
		{D65656D7-EC3A-44F6-A405-32CFFFB5F0E6}.Release|x64.Build.0 = Release|Any CPU
		{D65656D7-EC3A-44F6-A405-32CFFFB5F0E6}.Release|x64.Deploy.0 = Release|Any CPU
		{D65656D7-EC3A-44F6-A405-32CFFFB5F0E6}.Release|x86.ActiveCfg = Release|Any CPU
		{D65656D7-EC3A-44F6-A405-32CFFFB5F0E6}.Release|x86.Build.0 = Release|Any CPU
		{D65656D7-EC3A-44F6-A405-32CFFFB5F0E6}.Release|x86.Deploy.0 = Release|Any CPU
	EndGlobalSection
	GlobalSection(SolutionProperties) = preSolution
		HideSolutionNode = FALSE
	EndGlobalSection
	GlobalSection(ExtensibilityGlobals) = postSolution
		SolutionGuid = {F224CA08-D64A-42C6-8505-142E14662055}
	EndGlobalSection
EndGlobal
